PODS:
  - Capacitor (6.1.1):
    - CapacitorCordova
  - CapacitorApp (6.0.0):
    - Capacitor
  - CapacitorCamera (6.0.1):
    - Capacitor
  - CapacitorCommunityBackgroundGeolocation (0.0.1):
    - Capacitor
  - CapacitorCommunityBluetoothLe (6.0.1):
    - Capacitor
  - CapacitorCommunitySafeArea (6.0.0-alpha.7):
    - Capacitor
  - CapacitorCordova (6.1.1)
  - CapacitorDevice (6.0.0):
    - Capacitor
  - CapacitorHaptics (6.0.0):
    - Capacitor
  - CapacitorKeyboard (6.0.1):
    - Capacitor
  - CapacitorLocalNotifications (6.0.0):
    - Capacitor
  - CapacitorNetwork (6.0.1):
    - Capacitor
  - CapacitorPreferences (6.0.1):
    - Capacitor
  - CapacitorPushNotifications (6.0.1):
    - Capacitor
  - CapacitorScreenOrientation (6.0.1):
    - Capacitor
  - CapacitorShare (6.0.1):
    - Capacitor
  - CapacitorSplashScreen (6.0.1):
    - Capacitor
  - CapacitorStatusBar (6.0.0):
    - Capacitor
  - CordovaPlugins (6.1.1):
    - CapacitorCordova

DEPENDENCIES:
  - "Capacitor (from `../../node_modules/@capacitor/ios`)"
  - "CapacitorApp (from `../../node_modules/@capacitor/app`)"
  - "CapacitorCamera (from `../../node_modules/@capacitor/camera`)"
  - "CapacitorCommunityBackgroundGeolocation (from `../../node_modules/@capacitor-community/background-geolocation`)"
  - "CapacitorCommunityBluetoothLe (from `../../node_modules/@capacitor-community/bluetooth-le`)"
  - "CapacitorCommunitySafeArea (from `../../node_modules/@capacitor-community/safe-area`)"
  - "CapacitorCordova (from `../../node_modules/@capacitor/ios`)"
  - "CapacitorDevice (from `../../node_modules/@capacitor/device`)"
  - "CapacitorHaptics (from `../../node_modules/@capacitor/haptics`)"
  - "CapacitorKeyboard (from `../../node_modules/@capacitor/keyboard`)"
  - "CapacitorLocalNotifications (from `../../node_modules/@capacitor/local-notifications`)"
  - "CapacitorNetwork (from `../../node_modules/@capacitor/network`)"
  - "CapacitorPreferences (from `../../node_modules/@capacitor/preferences`)"
  - "CapacitorPushNotifications (from `../../node_modules/@capacitor/push-notifications`)"
  - "CapacitorScreenOrientation (from `../../node_modules/@capacitor/screen-orientation`)"
  - "CapacitorShare (from `../../node_modules/@capacitor/share`)"
  - "CapacitorSplashScreen (from `../../node_modules/@capacitor/splash-screen`)"
  - "CapacitorStatusBar (from `../../node_modules/@capacitor/status-bar`)"
  - CordovaPlugins (from `../capacitor-cordova-ios-plugins`)

EXTERNAL SOURCES:
  Capacitor:
    :path: "../../node_modules/@capacitor/ios"
  CapacitorApp:
    :path: "../../node_modules/@capacitor/app"
  CapacitorCamera:
    :path: "../../node_modules/@capacitor/camera"
  CapacitorCommunityBackgroundGeolocation:
    :path: "../../node_modules/@capacitor-community/background-geolocation"
  CapacitorCommunityBluetoothLe:
    :path: "../../node_modules/@capacitor-community/bluetooth-le"
  CapacitorCommunitySafeArea:
    :path: "../../node_modules/@capacitor-community/safe-area"
  CapacitorCordova:
    :path: "../../node_modules/@capacitor/ios"
  CapacitorDevice:
    :path: "../../node_modules/@capacitor/device"
  CapacitorHaptics:
    :path: "../../node_modules/@capacitor/haptics"
  CapacitorKeyboard:
    :path: "../../node_modules/@capacitor/keyboard"
  CapacitorLocalNotifications:
    :path: "../../node_modules/@capacitor/local-notifications"
  CapacitorNetwork:
    :path: "../../node_modules/@capacitor/network"
  CapacitorPreferences:
    :path: "../../node_modules/@capacitor/preferences"
  CapacitorPushNotifications:
    :path: "../../node_modules/@capacitor/push-notifications"
  CapacitorScreenOrientation:
    :path: "../../node_modules/@capacitor/screen-orientation"
  CapacitorShare:
    :path: "../../node_modules/@capacitor/share"
  CapacitorSplashScreen:
    :path: "../../node_modules/@capacitor/splash-screen"
  CapacitorStatusBar:
    :path: "../../node_modules/@capacitor/status-bar"
  CordovaPlugins:
    :path: "../capacitor-cordova-ios-plugins"

SPEC CHECKSUMS:
  Capacitor: 8941aba4364ba9d1b22188569001f2ce45cc2b00
  CapacitorApp: 9d53aec7101f7b030a950c5bdc4df8612576b279
  CapacitorCamera: 3b77b3e8311b98220de65e63445c0e4d0b30ce3a
  CapacitorCommunityBackgroundGeolocation: 6f26f4290377dbd1d6dec21e62cb66f008f61ec7
  CapacitorCommunityBluetoothLe: 694d91cd954a2b3149db8967faa7af433700eb6b
  CapacitorCommunitySafeArea: 9dfcb1a05f4c6ecc2a92e5231b646986dc30f672
  CapacitorCordova: 8f2cc8d8d3619c566e9418fe8772064a94266106
  CapacitorDevice: f8fd88f9edd1261c55a109f32015b09bbbfdc4a0
  CapacitorHaptics: 9ebc9363f0e9b8eb4295088a0b474530acf1859b
  CapacitorKeyboard: 5f32a712adf41e07a61caafb82cf29fb6d8ba123
  CapacitorLocalNotifications: 4ab68f0be5f697a579558fadd307d823a9ec1c26
  CapacitorNetwork: 5c94acfdddc22043f2ffaff224ce9b4aa5a179f0
  CapacitorPreferences: 72909b165bc7807103778ddbb86d5d8ce06abf71
  CapacitorPushNotifications: 293fabe42c7229756078e81f2d3a60394ba4e5d8
  CapacitorScreenOrientation: 3d4965dcbda5d901b6a48350a5d270ad7d404e05
  CapacitorShare: 02222f2457ff003e642370a9c1ecd101baaa27c8
  CapacitorSplashScreen: 61645214e8f955ff2b80f16a6a3648960fe4c89f
  CapacitorStatusBar: 2e4369f99166125435641b1908d05f561eaba6f6
  CordovaPlugins: d764ec2abf7e9f5ff45c4f1e9c6604f86c4b5782

PODFILE CHECKSUM: 7b1dc1d4aa35042967ef94c3eee673ddff04d42a

COCOAPODS: 1.14.2
